<?xml version="1.0" encoding="utf-8"?>
<Project ToolsVersion="4.0" xmlns="http://schemas.microsoft.com/developer/msbuild/2003">
  <ItemGroup>
    <Filter Include="0 Main">
      <UniqueIdentifier>{aeec4f41-66ae-437f-81ec-dbd6d97725a4}</UniqueIdentifier>
    </Filter>
    <Filter Include="0 Main\리소스 파일">
      <UniqueIdentifier>{67DA6AB6-F800-4c08-8B7A-83BB121AAD01}</UniqueIdentifier>
      <Extensions>rc;ico;cur;bmp;dlg;rc2;rct;bin;rgs;gif;jpg;jpeg;jpe;resx;tiff;tif;png;wav;mfcribbon-ms</Extensions>
    </Filter>
    <Filter Include="1 Engine">
      <UniqueIdentifier>{6cf00bed-4437-4055-a2bd-87900b909d3c}</UniqueIdentifier>
    </Filter>
    <Filter Include="1 Engine\Common">
      <UniqueIdentifier>{377bc0eb-c093-4b91-9a82-ea6403976fea}</UniqueIdentifier>
    </Filter>
    <Filter Include="1 Engine\GameObject">
      <UniqueIdentifier>{bf5e999b-5e64-40f2-948a-c82b921a03bf}</UniqueIdentifier>
    </Filter>
    <Filter Include="1 Engine\HighLevel Interface">
      <UniqueIdentifier>{e4250be8-6e60-4257-b148-2e5ba18bee5f}</UniqueIdentifier>
    </Filter>
    <Filter Include="2 Client">
      <UniqueIdentifier>{a09dfee9-73a1-4c93-9a6c-e4d7fd5cd928}</UniqueIdentifier>
    </Filter>
    <Filter Include="1 Engine\Scene">
      <UniqueIdentifier>{335f4c3c-8b7b-46e8-a28e-cc4c74d26328}</UniqueIdentifier>
    </Filter>
    <Filter Include="1 Engine\Manager">
      <UniqueIdentifier>{43887eec-2e17-45cf-970c-1493f6530db1}</UniqueIdentifier>
    </Filter>
    <Filter Include="1 Engine\GameObject\Base">
      <UniqueIdentifier>{c8af8821-aa97-42dd-99da-784b40f4743e}</UniqueIdentifier>
    </Filter>
    <Filter Include="1 Engine\Scene\Base">
      <UniqueIdentifier>{4227f9cf-db06-4036-baf5-8c4cb04a81cd}</UniqueIdentifier>
    </Filter>
    <Filter Include="1 Engine\Resource">
      <UniqueIdentifier>{3020b1f2-6f31-4f8b-9bc3-a5b82ebf2e50}</UniqueIdentifier>
    </Filter>
    <Filter Include="1 Engine\Resource\base">
      <UniqueIdentifier>{4528a46b-9098-48f0-aab9-729d381af842}</UniqueIdentifier>
    </Filter>
    <Filter Include="1 Engine\Component">
      <UniqueIdentifier>{9b7041c0-b66e-4cec-8525-f8682bf4c226}</UniqueIdentifier>
    </Filter>
    <Filter Include="1 Engine\Component\Base">
      <UniqueIdentifier>{0abf21eb-0977-4877-be13-8467a19f1f1b}</UniqueIdentifier>
    </Filter>
    <Filter Include="homework">
      <UniqueIdentifier>{937efefe-5622-4dea-a370-e07351c56e9d}</UniqueIdentifier>
    </Filter>
    <Filter Include="1 Engine\GameObject\BackGround">
      <UniqueIdentifier>{ab7b9e2a-a23f-4950-a2bc-dbc1cda023e3}</UniqueIdentifier>
    </Filter>
    <Filter Include="1 Engine\GameObject\Tile">
      <UniqueIdentifier>{046c83af-50a0-4b0e-a188-2fd68c0edb7d}</UniqueIdentifier>
    </Filter>
    <Filter Include="1 Engine\GameObject\Game">
      <UniqueIdentifier>{603c99fe-b6af-4003-9837-528785e52388}</UniqueIdentifier>
    </Filter>
    <Filter Include="1 Engine\GameObject\UI">
      <UniqueIdentifier>{56ec319f-d07a-49af-943b-da6aa96b4283}</UniqueIdentifier>
    </Filter>
    <Filter Include="1 Engine\GameObject\UI\Base">
      <UniqueIdentifier>{abb1050b-2a42-4d67-8211-d48f7d231f5d}</UniqueIdentifier>
    </Filter>
    <Filter Include="1 Engine\GameObject\Env">
      <UniqueIdentifier>{58aec7e4-92c0-48e3-a4e4-42b84837b708}</UniqueIdentifier>
    </Filter>
    <Filter Include="1 Engine\GameObject\TitleSceneObj">
      <UniqueIdentifier>{9fcee474-a63c-47b1-9774-6fedfdd76b88}</UniqueIdentifier>
    </Filter>
  </ItemGroup>
  <ItemGroup>
    <ClInclude Include="framework.h">
      <Filter>0 Main</Filter>
    </ClInclude>
    <ClInclude Include="Resource.h">
      <Filter>0 Main</Filter>
    </ClInclude>
    <ClInclude Include="targetver.h">
      <Filter>0 Main</Filter>
    </ClInclude>
    <ClInclude Include="WindowsAPI.h">
      <Filter>0 Main</Filter>
    </ClInclude>
    <ClInclude Include="Common.h">
      <Filter>1 Engine\Common</Filter>
    </ClInclude>
    <ClInclude Include="jsMath.h">
      <Filter>1 Engine\Common</Filter>
    </ClInclude>
    <ClInclude Include="jsEntity.h">
      <Filter>1 Engine\Common</Filter>
    </ClInclude>
    <ClInclude Include="def.h">
      <Filter>1 Engine\Common</Filter>
    </ClInclude>
    <ClInclude Include="jsApplication.h">
      <Filter>1 Engine\HighLevel Interface</Filter>
    </ClInclude>
    <ClInclude Include="jsScene.h">
      <Filter>1 Engine\Scene\Base</Filter>
    </ClInclude>
    <ClInclude Include="jsSceneManager.h">
      <Filter>1 Engine\Manager</Filter>
    </ClInclude>
    <ClInclude Include="jsGameObject.h">
      <Filter>1 Engine\GameObject\Base</Filter>
    </ClInclude>
    <ClInclude Include="jsTime.h">
      <Filter>1 Engine\Manager</Filter>
    </ClInclude>
    <ClInclude Include="jsInput.h">
      <Filter>1 Engine\Manager</Filter>
    </ClInclude>
    <ClInclude Include="jsResource.h">
      <Filter>1 Engine\Resource\base</Filter>
    </ClInclude>
    <ClInclude Include="jsResources.h">
      <Filter>1 Engine\Manager</Filter>
    </ClInclude>
    <ClInclude Include="jsImage.h">
      <Filter>1 Engine\Resource</Filter>
    </ClInclude>
    <ClInclude Include="jsAnimator.h">
      <Filter>1 Engine\Component</Filter>
    </ClInclude>
    <ClInclude Include="jsCollider.h">
      <Filter>1 Engine\Component</Filter>
    </ClInclude>
    <ClInclude Include="jsComponent.h">
      <Filter>1 Engine\Component\Base</Filter>
    </ClInclude>
    <ClInclude Include="jsPlayScene.h">
      <Filter>1 Engine\Scene</Filter>
    </ClInclude>
    <ClInclude Include="jsTitleScene.h">
      <Filter>1 Engine\Scene</Filter>
    </ClInclude>
    <ClInclude Include="jsRainPool.h">
      <Filter>homework</Filter>
    </ClInclude>
    <ClInclude Include="jsRain.h">
      <Filter>homework</Filter>
    </ClInclude>
    <ClInclude Include="jsCollisionManager.h">
      <Filter>1 Engine\Manager</Filter>
    </ClInclude>
    <ClInclude Include="jsBGObj.h">
      <Filter>1 Engine\GameObject\BackGround</Filter>
    </ClInclude>
    <ClInclude Include="tempGround.h">
      <Filter>1 Engine\GameObject\BackGround</Filter>
    </ClInclude>
    <ClInclude Include="jsObject.h">
      <Filter>1 Engine\Common</Filter>
    </ClInclude>
    <ClInclude Include="jsCamera.h">
      <Filter>1 Engine\Manager</Filter>
    </ClInclude>
    <ClInclude Include="jsAnimation.h">
      <Filter>1 Engine\Component</Filter>
    </ClInclude>
    <ClInclude Include="jsTile.h">
      <Filter>1 Engine\GameObject\Tile</Filter>
    </ClInclude>
    <ClInclude Include="jsTilePalette.h">
      <Filter>1 Engine\GameObject\Tile</Filter>
    </ClInclude>
    <ClInclude Include="jsToolScene.h">
      <Filter>1 Engine\Scene</Filter>
    </ClInclude>
    <ClInclude Include="jsMonster.h">
      <Filter>1 Engine\GameObject\Game</Filter>
    </ClInclude>
    <ClInclude Include="jsPlayer.h">
      <Filter>1 Engine\GameObject\Game</Filter>
    </ClInclude>
    <ClInclude Include="jsProjectile.h">
      <Filter>1 Engine\GameObject\Game</Filter>
    </ClInclude>
    <ClInclude Include="jsRigidbody.h">
      <Filter>1 Engine\Component</Filter>
    </ClInclude>
    <ClInclude Include="jsTestScene.h">
      <Filter>1 Engine\Scene</Filter>
    </ClInclude>
    <ClInclude Include="jsUIBase.h">
      <Filter>1 Engine\GameObject\UI\Base</Filter>
    </ClInclude>
    <ClInclude Include="jsUIManager.h">
      <Filter>1 Engine\Manager</Filter>
    </ClInclude>
    <ClInclude Include="jsPlayerProjectile.h">
      <Filter>1 Engine\GameObject\Game</Filter>
    </ClInclude>
    <ClInclude Include="jsButton.h">
      <Filter>1 Engine\GameObject\UI</Filter>
    </ClInclude>
    <ClInclude Include="jsHUD.h">
      <Filter>1 Engine\GameObject\UI</Filter>
    </ClInclude>
    <ClInclude Include="jsPanel.h">
      <Filter>1 Engine\GameObject\UI</Filter>
    </ClInclude>
    <ClInclude Include="jsSound.h">
      <Filter>1 Engine\Resource</Filter>
    </ClInclude>
    <ClInclude Include="jsSoundManager.h">
      <Filter>1 Engine\Manager</Filter>
    </ClInclude>
    <ClInclude Include="jsGround.h">
      <Filter>1 Engine\GameObject\Env</Filter>
    </ClInclude>
    <ClInclude Include="jsSelectScene.h">
      <Filter>1 Engine\Scene</Filter>
    </ClInclude>
    <ClInclude Include="jsOptionScene.h">
      <Filter>1 Engine\Scene</Filter>
    </ClInclude>
    <ClInclude Include="jsCommandoRun.h">
      <Filter>1 Engine\GameObject\TitleSceneObj</Filter>
    </ClInclude>
  </ItemGroup>
  <ItemGroup>
    <ResourceCompile Include="WindowsAPI.rc">
      <Filter>0 Main\리소스 파일</Filter>
    </ResourceCompile>
  </ItemGroup>
  <ItemGroup>
    <Image Include="small.ico">
      <Filter>0 Main\리소스 파일</Filter>
    </Image>
    <Image Include="WindowsAPI.ico">
      <Filter>0 Main\리소스 파일</Filter>
    </Image>
  </ItemGroup>
  <ItemGroup>
    <ClCompile Include="main.cpp">
      <Filter>0 Main</Filter>
    </ClCompile>
    <ClCompile Include="jsEntity.cpp">
      <Filter>1 Engine\Common</Filter>
    </ClCompile>
    <ClCompile Include="jsApplication.cpp">
      <Filter>1 Engine\HighLevel Interface</Filter>
    </ClCompile>
    <ClCompile Include="jsScene.cpp">
      <Filter>1 Engine\Scene\Base</Filter>
    </ClCompile>
    <ClCompile Include="jsGameObject.cpp">
      <Filter>1 Engine\GameObject\Base</Filter>
    </ClCompile>
    <ClCompile Include="jsTime.cpp">
      <Filter>1 Engine\Manager</Filter>
    </ClCompile>
    <ClCompile Include="jsInput.cpp">
      <Filter>1 Engine\Manager</Filter>
    </ClCompile>
    <ClCompile Include="jsResource.cpp">
      <Filter>1 Engine\Resource\base</Filter>
    </ClCompile>
    <ClCompile Include="jsResources.cpp">
      <Filter>1 Engine\Manager</Filter>
    </ClCompile>
    <ClCompile Include="jsMath.cpp">
      <Filter>1 Engine\Common</Filter>
    </ClCompile>
    <ClCompile Include="jsImage.cpp">
      <Filter>1 Engine\Resource</Filter>
    </ClCompile>
    <ClCompile Include="jsAnimator.cpp">
      <Filter>1 Engine\Component</Filter>
    </ClCompile>
    <ClCompile Include="jsCollider.cpp">
      <Filter>1 Engine\Component</Filter>
    </ClCompile>
    <ClCompile Include="jsComponent.cpp">
      <Filter>1 Engine\Component\Base</Filter>
    </ClCompile>
    <ClCompile Include="jsPlayScene.cpp">
      <Filter>1 Engine\Scene</Filter>
    </ClCompile>
    <ClCompile Include="jsTitleScene.cpp">
      <Filter>1 Engine\Scene</Filter>
    </ClCompile>
    <ClCompile Include="jsRainPool.cpp">
      <Filter>homework</Filter>
    </ClCompile>
    <ClCompile Include="jsRain.cpp">
      <Filter>homework</Filter>
    </ClCompile>
    <ClCompile Include="jsCollisionManager.cpp">
      <Filter>1 Engine\Manager</Filter>
    </ClCompile>
    <ClCompile Include="jsBGObj.cpp">
      <Filter>1 Engine\GameObject\BackGround</Filter>
    </ClCompile>
    <ClCompile Include="tempGround.cpp">
      <Filter>1 Engine\GameObject\BackGround</Filter>
    </ClCompile>
    <ClCompile Include="jsCamera.cpp">
      <Filter>1 Engine\Manager</Filter>
    </ClCompile>
    <ClCompile Include="jsAnimation.cpp">
      <Filter>1 Engine\Component</Filter>
    </ClCompile>
    <ClCompile Include="jsToolScene.cpp">
      <Filter>1 Engine\Scene</Filter>
    </ClCompile>
    <ClCompile Include="jsTile.cpp">
      <Filter>1 Engine\GameObject\Tile</Filter>
    </ClCompile>
    <ClCompile Include="jsTilePalette.cpp">
      <Filter>1 Engine\GameObject\Tile</Filter>
    </ClCompile>
    <ClCompile Include="jsMonster.cpp">
      <Filter>1 Engine\GameObject\Game</Filter>
    </ClCompile>
    <ClCompile Include="jsPlayer.cpp">
      <Filter>1 Engine\GameObject\Game</Filter>
    </ClCompile>
    <ClCompile Include="jsProjectile.cpp">
      <Filter>1 Engine\GameObject\Game</Filter>
    </ClCompile>
    <ClCompile Include="jsSceneManager.cpp">
      <Filter>1 Engine\Manager</Filter>
    </ClCompile>
    <ClCompile Include="jsRigidbody.cpp">
      <Filter>1 Engine\Component</Filter>
    </ClCompile>
    <ClCompile Include="jsTestScene.cpp">
      <Filter>1 Engine\Scene</Filter>
    </ClCompile>
    <ClCompile Include="jsUIBase.cpp">
      <Filter>1 Engine\GameObject\UI\Base</Filter>
    </ClCompile>
    <ClCompile Include="jsUIManager.cpp">
      <Filter>1 Engine\Manager</Filter>
    </ClCompile>
    <ClCompile Include="jsPlayerProjectile.cpp">
      <Filter>1 Engine\GameObject\Game</Filter>
    </ClCompile>
    <ClCompile Include="jsButton.cpp">
      <Filter>1 Engine\GameObject\UI</Filter>
    </ClCompile>
    <ClCompile Include="jsHUD.cpp">
      <Filter>1 Engine\GameObject\UI</Filter>
    </ClCompile>
    <ClCompile Include="jsPanel.cpp">
      <Filter>1 Engine\GameObject\UI</Filter>
    </ClCompile>
    <ClCompile Include="jsSound.cpp">
      <Filter>1 Engine\Resource</Filter>
    </ClCompile>
    <ClCompile Include="jsSoundManager.cpp">
      <Filter>1 Engine\Manager</Filter>
    </ClCompile>
    <ClCompile Include="jsGround.cpp">
      <Filter>1 Engine\GameObject\Env</Filter>
    </ClCompile>
    <ClCompile Include="jsSelectScene.cpp">
      <Filter>1 Engine\Scene</Filter>
    </ClCompile>
    <ClCompile Include="jsOption.cpp">
      <Filter>1 Engine\Scene</Filter>
    </ClCompile>
    <ClCompile Include="jsCommandoRun.cpp">
      <Filter>1 Engine\GameObject\TitleSceneObj</Filter>
    </ClCompile>
  </ItemGroup>
</Project>