<?xml version="1.0" encoding="utf-8"?>
<Project ToolsVersion="4.0" xmlns="http://schemas.microsoft.com/developer/msbuild/2003">
  <ItemGroup>
    <Filter Include="0 Main">
      <UniqueIdentifier>{aeec4f41-66ae-437f-81ec-dbd6d97725a4}</UniqueIdentifier>
    </Filter>
    <Filter Include="0 Main\리소스 파일">
      <UniqueIdentifier>{67DA6AB6-F800-4c08-8B7A-83BB121AAD01}</UniqueIdentifier>
      <Extensions>rc;ico;cur;bmp;dlg;rc2;rct;bin;rgs;gif;jpg;jpeg;jpe;resx;tiff;tif;png;wav;mfcribbon-ms</Extensions>
    </Filter>
    <Filter Include="1 Engine">
      <UniqueIdentifier>{6cf00bed-4437-4055-a2bd-87900b909d3c}</UniqueIdentifier>
    </Filter>
    <Filter Include="1 Engine\Common">
      <UniqueIdentifier>{377bc0eb-c093-4b91-9a82-ea6403976fea}</UniqueIdentifier>
    </Filter>
    <Filter Include="1 Engine\HighLevel Interface">
      <UniqueIdentifier>{e4250be8-6e60-4257-b148-2e5ba18bee5f}</UniqueIdentifier>
    </Filter>
    <Filter Include="2 Client">
      <UniqueIdentifier>{a09dfee9-73a1-4c93-9a6c-e4d7fd5cd928}</UniqueIdentifier>
    </Filter>
    <Filter Include="1 Engine\Scene">
      <UniqueIdentifier>{335f4c3c-8b7b-46e8-a28e-cc4c74d26328}</UniqueIdentifier>
    </Filter>
    <Filter Include="1 Engine\Manager">
      <UniqueIdentifier>{43887eec-2e17-45cf-970c-1493f6530db1}</UniqueIdentifier>
    </Filter>
    <Filter Include="1 Engine\Scene\Base">
      <UniqueIdentifier>{4227f9cf-db06-4036-baf5-8c4cb04a81cd}</UniqueIdentifier>
    </Filter>
    <Filter Include="1 Engine\Resource">
      <UniqueIdentifier>{3020b1f2-6f31-4f8b-9bc3-a5b82ebf2e50}</UniqueIdentifier>
    </Filter>
    <Filter Include="1 Engine\Resource\base">
      <UniqueIdentifier>{4528a46b-9098-48f0-aab9-729d381af842}</UniqueIdentifier>
    </Filter>
    <Filter Include="1 Engine\Component">
      <UniqueIdentifier>{9b7041c0-b66e-4cec-8525-f8682bf4c226}</UniqueIdentifier>
    </Filter>
    <Filter Include="1 Engine\Component\Base">
      <UniqueIdentifier>{0abf21eb-0977-4877-be13-8467a19f1f1b}</UniqueIdentifier>
    </Filter>
    <Filter Include="1 Engine\Scene\Tool">
      <UniqueIdentifier>{fddda5ab-b24e-441f-bcd3-a63a68f04fed}</UniqueIdentifier>
    </Filter>
    <Filter Include="1 Engine\Manager\FrameWork">
      <UniqueIdentifier>{bca13fdf-5836-4de7-a2bd-89396aff923c}</UniqueIdentifier>
    </Filter>
    <Filter Include="1 Engine\Manager\Game">
      <UniqueIdentifier>{4911fc76-053b-44f5-a79d-86e0f6aa3f26}</UniqueIdentifier>
    </Filter>
    <Filter Include="1 Engine\GameObject">
      <UniqueIdentifier>{443df47f-b046-4bb2-9722-e59c7a03c141}</UniqueIdentifier>
    </Filter>
    <Filter Include="1 Engine\GameObject\BackGround">
      <UniqueIdentifier>{ab7b9e2a-a23f-4950-a2bc-dbc1cda023e3}</UniqueIdentifier>
    </Filter>
    <Filter Include="1 Engine\GameObject\BackGround\BGObj">
      <UniqueIdentifier>{9fcee474-a63c-47b1-9774-6fedfdd76b88}</UniqueIdentifier>
    </Filter>
    <Filter Include="1 Engine\GameObject\BackGround\TileObj">
      <UniqueIdentifier>{046c83af-50a0-4b0e-a188-2fd68c0edb7d}</UniqueIdentifier>
    </Filter>
    <Filter Include="1 Engine\GameObject\UI">
      <UniqueIdentifier>{56ec319f-d07a-49af-943b-da6aa96b4283}</UniqueIdentifier>
    </Filter>
    <Filter Include="1 Engine\GameObject\UI\Base">
      <UniqueIdentifier>{abb1050b-2a42-4d67-8211-d48f7d231f5d}</UniqueIdentifier>
    </Filter>
    <Filter Include="1 Engine\GameObject\EventObj">
      <UniqueIdentifier>{2100e976-5955-4d0c-89ad-cb2fd8ebf745}</UniqueIdentifier>
    </Filter>
    <Filter Include="1 Engine\GameObject\EventObj\Item">
      <UniqueIdentifier>{df4743f8-e2b1-4177-9003-9a574bd564b0}</UniqueIdentifier>
    </Filter>
    <Filter Include="1 Engine\GameObject\EventObj\Chest">
      <UniqueIdentifier>{7bc3b64d-2b9b-42df-80d9-12005b8b1070}</UniqueIdentifier>
    </Filter>
    <Filter Include="1 Engine\GameObject\EventObj\Shrine">
      <UniqueIdentifier>{21678d3e-38f2-4091-81ef-bd09cbed94b9}</UniqueIdentifier>
    </Filter>
    <Filter Include="1 Engine\GameObject\Base">
      <UniqueIdentifier>{c8af8821-aa97-42dd-99da-784b40f4743e}</UniqueIdentifier>
    </Filter>
    <Filter Include="1 Engine\GameObject\Creature">
      <UniqueIdentifier>{603c99fe-b6af-4003-9837-528785e52388}</UniqueIdentifier>
    </Filter>
    <Filter Include="1 Engine\GameObject\Creature\Player">
      <UniqueIdentifier>{118a1d99-fdc6-4f75-9b17-ae93e2ff5083}</UniqueIdentifier>
    </Filter>
    <Filter Include="1 Engine\GameObject\Creature\Monster">
      <UniqueIdentifier>{a1adc797-2a83-4b48-b5f3-25dbf8a71f22}</UniqueIdentifier>
    </Filter>
    <Filter Include="1 Engine\GameObject\EventObj\Propellant">
      <UniqueIdentifier>{8f29a5e9-67dd-489b-abbd-bcfcb9d51943}</UniqueIdentifier>
    </Filter>
    <Filter Include="1 Engine\GameObject\Creature\Core">
      <UniqueIdentifier>{77261701-c79c-4a50-9e14-2f93170cd870}</UniqueIdentifier>
    </Filter>
    <Filter Include="1 Engine\GameObject\Creature\Core\CollisionCheck">
      <UniqueIdentifier>{609f78c5-3345-4e0a-b5a4-2a64d4c50c98}</UniqueIdentifier>
    </Filter>
    <Filter Include="1 Engine\GameObject\Creature\Core\CollisionCheck\Core">
      <UniqueIdentifier>{9141a6e5-f1f9-40cc-800c-876789f5d67c}</UniqueIdentifier>
    </Filter>
    <Filter Include="1 Engine\GameObject\CollisionBlock">
      <UniqueIdentifier>{5f3aef84-8dc2-4f39-98a5-dfc31de176e2}</UniqueIdentifier>
    </Filter>
    <Filter Include="1 Engine\GameObject\CollisionBlock\Platform">
      <UniqueIdentifier>{58aec7e4-92c0-48e3-a4e4-42b84837b708}</UniqueIdentifier>
    </Filter>
    <Filter Include="1 Engine\GameObject\CollisionBlock\Ladder">
      <UniqueIdentifier>{36e80258-c96e-43dc-8949-baf9e3927d8e}</UniqueIdentifier>
    </Filter>
    <Filter Include="1 Engine\GameObject\UI\HUD">
      <UniqueIdentifier>{8c83b5ab-9b44-439c-b38f-008e5cec518a}</UniqueIdentifier>
    </Filter>
    <Filter Include="1 Engine\GameObject\UI\Button">
      <UniqueIdentifier>{60fa338e-1627-4d43-a505-937a61347620}</UniqueIdentifier>
    </Filter>
    <Filter Include="1 Engine\GameObject\UI\Panel">
      <UniqueIdentifier>{cff2f6c1-1e4f-4e8f-80f0-16a711f3936c}</UniqueIdentifier>
    </Filter>
  </ItemGroup>
  <ItemGroup>
    <ClInclude Include="framework.h">
      <Filter>0 Main</Filter>
    </ClInclude>
    <ClInclude Include="Resource.h">
      <Filter>0 Main</Filter>
    </ClInclude>
    <ClInclude Include="targetver.h">
      <Filter>0 Main</Filter>
    </ClInclude>
    <ClInclude Include="WindowsAPI.h">
      <Filter>0 Main</Filter>
    </ClInclude>
    <ClInclude Include="Common.h">
      <Filter>1 Engine\Common</Filter>
    </ClInclude>
    <ClInclude Include="jsMath.h">
      <Filter>1 Engine\Common</Filter>
    </ClInclude>
    <ClInclude Include="jsEntity.h">
      <Filter>1 Engine\Common</Filter>
    </ClInclude>
    <ClInclude Include="def.h">
      <Filter>1 Engine\Common</Filter>
    </ClInclude>
    <ClInclude Include="jsApplication.h">
      <Filter>1 Engine\HighLevel Interface</Filter>
    </ClInclude>
    <ClInclude Include="jsScene.h">
      <Filter>1 Engine\Scene\Base</Filter>
    </ClInclude>
    <ClInclude Include="jsGameObject.h">
      <Filter>1 Engine\GameObject\Base</Filter>
    </ClInclude>
    <ClInclude Include="jsResource.h">
      <Filter>1 Engine\Resource\base</Filter>
    </ClInclude>
    <ClInclude Include="jsImage.h">
      <Filter>1 Engine\Resource</Filter>
    </ClInclude>
    <ClInclude Include="jsAnimator.h">
      <Filter>1 Engine\Component</Filter>
    </ClInclude>
    <ClInclude Include="jsCollider.h">
      <Filter>1 Engine\Component</Filter>
    </ClInclude>
    <ClInclude Include="jsComponent.h">
      <Filter>1 Engine\Component\Base</Filter>
    </ClInclude>
    <ClInclude Include="jsPlayScene.h">
      <Filter>1 Engine\Scene</Filter>
    </ClInclude>
    <ClInclude Include="jsTitleScene.h">
      <Filter>1 Engine\Scene</Filter>
    </ClInclude>
    <ClInclude Include="jsObject.h">
      <Filter>1 Engine\Common</Filter>
    </ClInclude>
    <ClInclude Include="jsAnimation.h">
      <Filter>1 Engine\Component</Filter>
    </ClInclude>
    <ClInclude Include="jsTile.h">
      <Filter>1 Engine\GameObject\BackGround\TileObj</Filter>
    </ClInclude>
    <ClInclude Include="jsTilePalette.h">
      <Filter>1 Engine\GameObject\BackGround\TileObj</Filter>
    </ClInclude>
    <ClInclude Include="jsRigidbody.h">
      <Filter>1 Engine\Component</Filter>
    </ClInclude>
    <ClInclude Include="jsUIBase.h">
      <Filter>1 Engine\GameObject\UI\Base</Filter>
    </ClInclude>
    <ClInclude Include="jsSound.h">
      <Filter>1 Engine\Resource</Filter>
    </ClInclude>
    <ClInclude Include="jsPlatform.h">
      <Filter>1 Engine\GameObject\CollisionBlock\Platform</Filter>
    </ClInclude>
    <ClInclude Include="jsSelectScene.h">
      <Filter>1 Engine\Scene</Filter>
    </ClInclude>
    <ClInclude Include="jsOptionScene.h">
      <Filter>1 Engine\Scene</Filter>
    </ClInclude>
    <ClInclude Include="jsPlayer.h">
      <Filter>1 Engine\GameObject\Creature\Player</Filter>
    </ClInclude>
    <ClInclude Include="jsPlayerProjectile.h">
      <Filter>1 Engine\GameObject\Creature\Player</Filter>
    </ClInclude>
    <ClInclude Include="jsUIGameObject.h">
      <Filter>1 Engine\GameObject\UI</Filter>
    </ClInclude>
    <ClInclude Include="jsMonster.h">
      <Filter>1 Engine\GameObject\Creature\Monster</Filter>
    </ClInclude>
    <ClInclude Include="jsImp.h">
      <Filter>1 Engine\GameObject\Creature\Monster</Filter>
    </ClInclude>
    <ClInclude Include="jsMonsterAttack.h">
      <Filter>1 Engine\GameObject\Creature\Monster</Filter>
    </ClInclude>
    <ClInclude Include="jsEventObject.h">
      <Filter>1 Engine\GameObject\EventObj</Filter>
    </ClInclude>
    <ClInclude Include="jsItemObject.h">
      <Filter>1 Engine\GameObject\EventObj\Item</Filter>
    </ClInclude>
    <ClInclude Include="jsSmallChest.h">
      <Filter>1 Engine\GameObject\EventObj\Chest</Filter>
    </ClInclude>
    <ClInclude Include="jsLargeChest.h">
      <Filter>1 Engine\GameObject\EventObj\Chest</Filter>
    </ClInclude>
    <ClInclude Include="jsGoldenChest.h">
      <Filter>1 Engine\GameObject\EventObj\Chest</Filter>
    </ClInclude>
    <ClInclude Include="jsMapToolScene.h">
      <Filter>1 Engine\Scene\Tool</Filter>
    </ClInclude>
    <ClInclude Include="jsCamera.h">
      <Filter>1 Engine\Manager\FrameWork</Filter>
    </ClInclude>
    <ClInclude Include="jsInput.h">
      <Filter>1 Engine\Manager\FrameWork</Filter>
    </ClInclude>
    <ClInclude Include="jsTime.h">
      <Filter>1 Engine\Manager\FrameWork</Filter>
    </ClInclude>
    <ClInclude Include="jsUIManager.h">
      <Filter>1 Engine\Manager\FrameWork</Filter>
    </ClInclude>
    <ClInclude Include="jsCollisionManager.h">
      <Filter>1 Engine\Manager\FrameWork</Filter>
    </ClInclude>
    <ClInclude Include="jsSceneManager.h">
      <Filter>1 Engine\Manager\FrameWork</Filter>
    </ClInclude>
    <ClInclude Include="jsSoundManager.h">
      <Filter>1 Engine\Manager\FrameWork</Filter>
    </ClInclude>
    <ClInclude Include="jsResources.h">
      <Filter>1 Engine\Manager\FrameWork</Filter>
    </ClInclude>
    <ClInclude Include="jsPoolManager.h">
      <Filter>1 Engine\Manager\Game</Filter>
    </ClInclude>
    <ClInclude Include="jsGameManager.h">
      <Filter>1 Engine\Manager\Game</Filter>
    </ClInclude>
    <ClInclude Include="jsPlayerManager.h">
      <Filter>1 Engine\Manager\Game</Filter>
    </ClInclude>
    <ClInclude Include="jsShrine.h">
      <Filter>1 Engine\GameObject\EventObj\Shrine</Filter>
    </ClInclude>
    <ClInclude Include="jsBGObj.h">
      <Filter>1 Engine\GameObject\BackGround\BGObj</Filter>
    </ClInclude>
    <ClInclude Include="jsCommandoRun.h">
      <Filter>1 Engine\GameObject\BackGround\BGObj</Filter>
    </ClInclude>
    <ClInclude Include="tempGround.h">
      <Filter>1 Engine\GameObject\BackGround\BGObj</Filter>
    </ClInclude>
    <ClInclude Include="jsChest.h">
      <Filter>1 Engine\GameObject\EventObj\Chest</Filter>
    </ClInclude>
    <ClInclude Include="jsCreature.h">
      <Filter>1 Engine\GameObject\Creature\Core</Filter>
    </ClInclude>
    <ClInclude Include="jsCollisionCheck.h">
      <Filter>1 Engine\GameObject\Creature\Core\CollisionCheck\Core</Filter>
    </ClInclude>
    <ClInclude Include="jsLadder.h">
      <Filter>1 Engine\GameObject\CollisionBlock\Ladder</Filter>
    </ClInclude>
    <ClInclude Include="jsCollisionBlock.h">
      <Filter>1 Engine\GameObject\CollisionBlock</Filter>
    </ClInclude>
    <ClInclude Include="jsHead.h">
      <Filter>1 Engine\GameObject\Creature\Core\CollisionCheck</Filter>
    </ClInclude>
    <ClInclude Include="jsFoot.h">
      <Filter>1 Engine\GameObject\Creature\Core\CollisionCheck</Filter>
    </ClInclude>
    <ClInclude Include="jsTestScene.h">
      <Filter>1 Engine\Scene\Tool</Filter>
    </ClInclude>
    <ClInclude Include="jsPropellant.h">
      <Filter>1 Engine\GameObject\EventObj\Propellant</Filter>
    </ClInclude>
    <ClInclude Include="jsHUD.h">
      <Filter>1 Engine\GameObject\UI\HUD</Filter>
    </ClInclude>
    <ClInclude Include="jsButton.h">
      <Filter>1 Engine\GameObject\UI\Button</Filter>
    </ClInclude>
    <ClInclude Include="jsPanel.h">
      <Filter>1 Engine\GameObject\UI\Panel</Filter>
    </ClInclude>
    <ClInclude Include="jsBarUI.h">
      <Filter>1 Engine\GameObject\UI\HUD</Filter>
    </ClInclude>
    <ClInclude Include="jsIcon.h">
      <Filter>1 Engine\GameObject\UI\HUD</Filter>
    </ClInclude>
    <ClInclude Include="jsDamageObject.h" />
  </ItemGroup>
  <ItemGroup>
    <ResourceCompile Include="WindowsAPI.rc">
      <Filter>0 Main\리소스 파일</Filter>
    </ResourceCompile>
  </ItemGroup>
  <ItemGroup>
    <Image Include="small.ico">
      <Filter>0 Main\리소스 파일</Filter>
    </Image>
    <Image Include="WindowsAPI.ico">
      <Filter>0 Main\리소스 파일</Filter>
    </Image>
  </ItemGroup>
  <ItemGroup>
    <ClCompile Include="main.cpp">
      <Filter>0 Main</Filter>
    </ClCompile>
    <ClCompile Include="jsEntity.cpp">
      <Filter>1 Engine\Common</Filter>
    </ClCompile>
    <ClCompile Include="jsApplication.cpp">
      <Filter>1 Engine\HighLevel Interface</Filter>
    </ClCompile>
    <ClCompile Include="jsScene.cpp">
      <Filter>1 Engine\Scene\Base</Filter>
    </ClCompile>
    <ClCompile Include="jsGameObject.cpp">
      <Filter>1 Engine\GameObject\Base</Filter>
    </ClCompile>
    <ClCompile Include="jsResource.cpp">
      <Filter>1 Engine\Resource\base</Filter>
    </ClCompile>
    <ClCompile Include="jsMath.cpp">
      <Filter>1 Engine\Common</Filter>
    </ClCompile>
    <ClCompile Include="jsImage.cpp">
      <Filter>1 Engine\Resource</Filter>
    </ClCompile>
    <ClCompile Include="jsAnimator.cpp">
      <Filter>1 Engine\Component</Filter>
    </ClCompile>
    <ClCompile Include="jsCollider.cpp">
      <Filter>1 Engine\Component</Filter>
    </ClCompile>
    <ClCompile Include="jsComponent.cpp">
      <Filter>1 Engine\Component\Base</Filter>
    </ClCompile>
    <ClCompile Include="jsPlayScene.cpp">
      <Filter>1 Engine\Scene</Filter>
    </ClCompile>
    <ClCompile Include="jsTitleScene.cpp">
      <Filter>1 Engine\Scene</Filter>
    </ClCompile>
    <ClCompile Include="jsAnimation.cpp">
      <Filter>1 Engine\Component</Filter>
    </ClCompile>
    <ClCompile Include="jsTile.cpp">
      <Filter>1 Engine\GameObject\BackGround\TileObj</Filter>
    </ClCompile>
    <ClCompile Include="jsTilePalette.cpp">
      <Filter>1 Engine\GameObject\BackGround\TileObj</Filter>
    </ClCompile>
    <ClCompile Include="jsRigidbody.cpp">
      <Filter>1 Engine\Component</Filter>
    </ClCompile>
    <ClCompile Include="jsUIBase.cpp">
      <Filter>1 Engine\GameObject\UI\Base</Filter>
    </ClCompile>
    <ClCompile Include="jsSound.cpp">
      <Filter>1 Engine\Resource</Filter>
    </ClCompile>
    <ClCompile Include="jsPlatform.cpp">
      <Filter>1 Engine\GameObject\CollisionBlock\Platform</Filter>
    </ClCompile>
    <ClCompile Include="jsSelectScene.cpp">
      <Filter>1 Engine\Scene</Filter>
    </ClCompile>
    <ClCompile Include="jsOptionScene.cpp">
      <Filter>1 Engine\Scene</Filter>
    </ClCompile>
    <ClCompile Include="jsPlayer.cpp">
      <Filter>1 Engine\GameObject\Creature\Player</Filter>
    </ClCompile>
    <ClCompile Include="jsPlayerProjectile.cpp">
      <Filter>1 Engine\GameObject\Creature\Player</Filter>
    </ClCompile>
    <ClCompile Include="jsUIGameObject.cpp">
      <Filter>1 Engine\GameObject\UI</Filter>
    </ClCompile>
    <ClCompile Include="jsMonster.cpp">
      <Filter>1 Engine\GameObject\Creature\Monster</Filter>
    </ClCompile>
    <ClCompile Include="jsImp.cpp">
      <Filter>1 Engine\GameObject\Creature\Monster</Filter>
    </ClCompile>
    <ClCompile Include="jsMonsterAttack.cpp">
      <Filter>1 Engine\GameObject\Creature\Monster</Filter>
    </ClCompile>
    <ClCompile Include="jsEventObject.cpp">
      <Filter>1 Engine\GameObject\EventObj</Filter>
    </ClCompile>
    <ClCompile Include="jsItemObject.cpp">
      <Filter>1 Engine\GameObject\EventObj\Item</Filter>
    </ClCompile>
    <ClCompile Include="jsSmallChest.cpp">
      <Filter>1 Engine\GameObject\EventObj\Chest</Filter>
    </ClCompile>
    <ClCompile Include="jsLargeChest.cpp">
      <Filter>1 Engine\GameObject\EventObj\Chest</Filter>
    </ClCompile>
    <ClCompile Include="jsGoldenChest.cpp">
      <Filter>1 Engine\GameObject\EventObj\Chest</Filter>
    </ClCompile>
    <ClCompile Include="jsMapToolScene.cpp">
      <Filter>1 Engine\Scene\Tool</Filter>
    </ClCompile>
    <ClCompile Include="jsCamera.cpp">
      <Filter>1 Engine\Manager\FrameWork</Filter>
    </ClCompile>
    <ClCompile Include="jsInput.cpp">
      <Filter>1 Engine\Manager\FrameWork</Filter>
    </ClCompile>
    <ClCompile Include="jsTime.cpp">
      <Filter>1 Engine\Manager\FrameWork</Filter>
    </ClCompile>
    <ClCompile Include="jsUIManager.cpp">
      <Filter>1 Engine\Manager\FrameWork</Filter>
    </ClCompile>
    <ClCompile Include="jsCollisionManager.cpp">
      <Filter>1 Engine\Manager\FrameWork</Filter>
    </ClCompile>
    <ClCompile Include="jsSceneManager.cpp">
      <Filter>1 Engine\Manager\FrameWork</Filter>
    </ClCompile>
    <ClCompile Include="jsSoundManager.cpp">
      <Filter>1 Engine\Manager\FrameWork</Filter>
    </ClCompile>
    <ClCompile Include="jsResources.cpp">
      <Filter>1 Engine\Manager\FrameWork</Filter>
    </ClCompile>
    <ClCompile Include="jsPoolManager.cpp">
      <Filter>1 Engine\Manager\Game</Filter>
    </ClCompile>
    <ClCompile Include="jsGameManager.cpp">
      <Filter>1 Engine\Manager\Game</Filter>
    </ClCompile>
    <ClCompile Include="jsPlayerManager.cpp">
      <Filter>1 Engine\Manager\Game</Filter>
    </ClCompile>
    <ClCompile Include="jsShrine.cpp">
      <Filter>1 Engine\GameObject\EventObj\Shrine</Filter>
    </ClCompile>
    <ClCompile Include="jsBGObj.cpp">
      <Filter>1 Engine\GameObject\BackGround\BGObj</Filter>
    </ClCompile>
    <ClCompile Include="jsCommandoRun.cpp">
      <Filter>1 Engine\GameObject\BackGround\BGObj</Filter>
    </ClCompile>
    <ClCompile Include="tempGround.cpp">
      <Filter>1 Engine\GameObject\BackGround\BGObj</Filter>
    </ClCompile>
    <ClCompile Include="jsChest.cpp">
      <Filter>1 Engine\GameObject\EventObj\Chest</Filter>
    </ClCompile>
    <ClCompile Include="jsCreature.cpp">
      <Filter>1 Engine\GameObject\Creature\Core</Filter>
    </ClCompile>
    <ClCompile Include="jsCollisionCheck.cpp">
      <Filter>1 Engine\GameObject\Creature\Core\CollisionCheck\Core</Filter>
    </ClCompile>
    <ClCompile Include="jsLadder.cpp">
      <Filter>1 Engine\GameObject\CollisionBlock\Ladder</Filter>
    </ClCompile>
    <ClCompile Include="jsCollisionBlock.cpp">
      <Filter>1 Engine\GameObject\CollisionBlock</Filter>
    </ClCompile>
    <ClCompile Include="jsHead.cpp">
      <Filter>1 Engine\GameObject\Creature\Core\CollisionCheck</Filter>
    </ClCompile>
    <ClCompile Include="jsFoot.cpp">
      <Filter>1 Engine\GameObject\Creature\Core\CollisionCheck</Filter>
    </ClCompile>
    <ClCompile Include="jsTestScene.cpp">
      <Filter>1 Engine\Scene\Tool</Filter>
    </ClCompile>
    <ClCompile Include="jsPropellant.cpp">
      <Filter>1 Engine\GameObject\EventObj\Propellant</Filter>
    </ClCompile>
    <ClCompile Include="jsHUD.cpp">
      <Filter>1 Engine\GameObject\UI\HUD</Filter>
    </ClCompile>
    <ClCompile Include="jsButton.cpp">
      <Filter>1 Engine\GameObject\UI\Button</Filter>
    </ClCompile>
    <ClCompile Include="jsPanel.cpp">
      <Filter>1 Engine\GameObject\UI\Panel</Filter>
    </ClCompile>
    <ClCompile Include="jsBarUI.cpp">
      <Filter>1 Engine\GameObject\UI\HUD</Filter>
    </ClCompile>
    <ClCompile Include="jsIcon.cpp">
      <Filter>1 Engine\GameObject\UI\HUD</Filter>
    </ClCompile>
    <ClCompile Include="jsDamageObject.cpp" />
  </ItemGroup>
</Project>